// !$*UTF8*$!
{
	archiveVersion = 1;
	classes = {
	};
	objectVersion = 56;
	objects = {

/* Begin PBXBuildFile section */
		84220EF52904287900C5DBD1 /* Onboarding.swift in Sources */ = {isa = PBXBuildFile; fileRef = 84220EF42904287900C5DBD1 /* Onboarding.swift */; };
		84220EFA29058D5700C5DBD1 /* ItemModel.swift in Sources */ = {isa = PBXBuildFile; fileRef = 84220EF729058D5700C5DBD1 /* ItemModel.swift */; };
		84220EFB29058D5700C5DBD1 /* ListViewModel.swift in Sources */ = {isa = PBXBuildFile; fileRef = 84220EF929058D5700C5DBD1 /* ListViewModel.swift */; };
		84220F0129058DFD00C5DBD1 /* ListRowView.swift in Sources */ = {isa = PBXBuildFile; fileRef = 84220EFD29058DFD00C5DBD1 /* ListRowView.swift */; };
		84220F0229058DFD00C5DBD1 /* ListView.swift in Sources */ = {isa = PBXBuildFile; fileRef = 84220EFE29058DFD00C5DBD1 /* ListView.swift */; };
		84220F0329058DFD00C5DBD1 /* NoItemsView.swift in Sources */ = {isa = PBXBuildFile; fileRef = 84220EFF29058DFD00C5DBD1 /* NoItemsView.swift */; };
		84220F0429058DFD00C5DBD1 /* AddView.swift in Sources */ = {isa = PBXBuildFile; fileRef = 84220F0029058DFD00C5DBD1 /* AddView.swift */; };
		84E5306329032570001F1D8C /* FoodListApp.swift in Sources */ = {isa = PBXBuildFile; fileRef = 84E5306229032570001F1D8C /* FoodListApp.swift */; };
		84E5306529032570001F1D8C /* ContentView.swift in Sources */ = {isa = PBXBuildFile; fileRef = 84E5306429032570001F1D8C /* ContentView.swift */; };
		84E5306729032572001F1D8C /* Assets.xcassets in Resources */ = {isa = PBXBuildFile; fileRef = 84E5306629032572001F1D8C /* Assets.xcassets */; };
		84E5306A29032572001F1D8C /* Preview Assets.xcassets in Resources */ = {isa = PBXBuildFile; fileRef = 84E5306929032572001F1D8C /* Preview Assets.xcassets */; };
		84E5307429032572001F1D8C /* FoodListTests.swift in Sources */ = {isa = PBXBuildFile; fileRef = 84E5307329032572001F1D8C /* FoodListTests.swift */; };
		84E5307E29032572001F1D8C /* FoodListUITests.swift in Sources */ = {isa = PBXBuildFile; fileRef = 84E5307D29032572001F1D8C /* FoodListUITests.swift */; };
		84E5308029032572001F1D8C /* FoodListUITestsLaunchTests.swift in Sources */ = {isa = PBXBuildFile; fileRef = 84E5307F29032572001F1D8C /* FoodListUITestsLaunchTests.swift */; };
		84E530912903F84A001F1D8C /* onboardingFirst.json in Resources */ = {isa = PBXBuildFile; fileRef = 84E530902903F84A001F1D8C /* onboardingFirst.json */; };
		84E530942903F8D6001F1D8C /* Lottie in Frameworks */ = {isa = PBXBuildFile; productRef = 84E530932903F8D6001F1D8C /* Lottie */; };
		84E530962903F941001F1D8C /* LottieView.swift in Sources */ = {isa = PBXBuildFile; fileRef = 84E530952903F941001F1D8C /* LottieView.swift */; };
/* End PBXBuildFile section */

/* Begin PBXContainerItemProxy section */
		84E5307029032572001F1D8C /* PBXContainerItemProxy */ = {
			isa = PBXContainerItemProxy;
			containerPortal = 84E5305729032570001F1D8C /* Project object */;
			proxyType = 1;
			remoteGlobalIDString = 84E5305E29032570001F1D8C;
			remoteInfo = FoodList;
		};
		84E5307A29032572001F1D8C /* PBXContainerItemProxy */ = {
			isa = PBXContainerItemProxy;
			containerPortal = 84E5305729032570001F1D8C /* Project object */;
			proxyType = 1;
			remoteGlobalIDString = 84E5305E29032570001F1D8C;
			remoteInfo = FoodList;
		};
/* End PBXContainerItemProxy section */

/* Begin PBXFileReference section */
		84220EF42904287900C5DBD1 /* Onboarding.swift */ = {isa = PBXFileReference; lastKnownFileType = sourcecode.swift; path = Onboarding.swift; sourceTree = "<group>"; };
		84220EF729058D5700C5DBD1 /* ItemModel.swift */ = {isa = PBXFileReference; fileEncoding = 4; lastKnownFileType = sourcecode.swift; path = ItemModel.swift; sourceTree = "<group>"; };
		84220EF929058D5700C5DBD1 /* ListViewModel.swift */ = {isa = PBXFileReference; fileEncoding = 4; lastKnownFileType = sourcecode.swift; path = ListViewModel.swift; sourceTree = "<group>"; };
		84220EFD29058DFD00C5DBD1 /* ListRowView.swift */ = {isa = PBXFileReference; fileEncoding = 4; lastKnownFileType = sourcecode.swift; path = ListRowView.swift; sourceTree = "<group>"; };
		84220EFE29058DFD00C5DBD1 /* ListView.swift */ = {isa = PBXFileReference; fileEncoding = 4; lastKnownFileType = sourcecode.swift; path = ListView.swift; sourceTree = "<group>"; };
		84220EFF29058DFD00C5DBD1 /* NoItemsView.swift */ = {isa = PBXFileReference; fileEncoding = 4; lastKnownFileType = sourcecode.swift; path = NoItemsView.swift; sourceTree = "<group>"; };
		84220F0029058DFD00C5DBD1 /* AddView.swift */ = {isa = PBXFileReference; fileEncoding = 4; lastKnownFileType = sourcecode.swift; path = AddView.swift; sourceTree = "<group>"; };
		84E5305F29032570001F1D8C /* FoodList.app */ = {isa = PBXFileReference; explicitFileType = wrapper.application; includeInIndex = 0; path = FoodList.app; sourceTree = BUILT_PRODUCTS_DIR; };
		84E5306229032570001F1D8C /* FoodListApp.swift */ = {isa = PBXFileReference; lastKnownFileType = sourcecode.swift; path = FoodListApp.swift; sourceTree = "<group>"; };
		84E5306429032570001F1D8C /* ContentView.swift */ = {isa = PBXFileReference; lastKnownFileType = sourcecode.swift; path = ContentView.swift; sourceTree = "<group>"; };
		84E5306629032572001F1D8C /* Assets.xcassets */ = {isa = PBXFileReference; lastKnownFileType = folder.assetcatalog; path = Assets.xcassets; sourceTree = "<group>"; };
		84E5306929032572001F1D8C /* Preview Assets.xcassets */ = {isa = PBXFileReference; lastKnownFileType = folder.assetcatalog; path = "Preview Assets.xcassets"; sourceTree = "<group>"; };
		84E5306F29032572001F1D8C /* FoodListTests.xctest */ = {isa = PBXFileReference; explicitFileType = wrapper.cfbundle; includeInIndex = 0; path = FoodListTests.xctest; sourceTree = BUILT_PRODUCTS_DIR; };
		84E5307329032572001F1D8C /* FoodListTests.swift */ = {isa = PBXFileReference; lastKnownFileType = sourcecode.swift; path = FoodListTests.swift; sourceTree = "<group>"; };
		84E5307929032572001F1D8C /* FoodListUITests.xctest */ = {isa = PBXFileReference; explicitFileType = wrapper.cfbundle; includeInIndex = 0; path = FoodListUITests.xctest; sourceTree = BUILT_PRODUCTS_DIR; };
		84E5307D29032572001F1D8C /* FoodListUITests.swift */ = {isa = PBXFileReference; lastKnownFileType = sourcecode.swift; path = FoodListUITests.swift; sourceTree = "<group>"; };
		84E5307F29032572001F1D8C /* FoodListUITestsLaunchTests.swift */ = {isa = PBXFileReference; lastKnownFileType = sourcecode.swift; path = FoodListUITestsLaunchTests.swift; sourceTree = "<group>"; };
		84E530902903F84A001F1D8C /* onboardingFirst.json */ = {isa = PBXFileReference; fileEncoding = 4; lastKnownFileType = text.json; path = onboardingFirst.json; sourceTree = "<group>"; };
		84E530952903F941001F1D8C /* LottieView.swift */ = {isa = PBXFileReference; lastKnownFileType = sourcecode.swift; path = LottieView.swift; sourceTree = "<group>"; };
/* End PBXFileReference section */

/* Begin PBXFrameworksBuildPhase section */
		84E5305C29032570001F1D8C /* Frameworks */ = {
			isa = PBXFrameworksBuildPhase;
			buildActionMask = 2147483647;
			files = (
				84E530942903F8D6001F1D8C /* Lottie in Frameworks */,
			);
			runOnlyForDeploymentPostprocessing = 0;
		};
		84E5306C29032572001F1D8C /* Frameworks */ = {
			isa = PBXFrameworksBuildPhase;
			buildActionMask = 2147483647;
			files = (
			);
			runOnlyForDeploymentPostprocessing = 0;
		};
		84E5307629032572001F1D8C /* Frameworks */ = {
			isa = PBXFrameworksBuildPhase;
			buildActionMask = 2147483647;
			files = (
			);
			runOnlyForDeploymentPostprocessing = 0;
		};
/* End PBXFrameworksBuildPhase section */

/* Begin PBXGroup section */
		84220EF629058D5700C5DBD1 /* Models */ = {
			isa = PBXGroup;
			children = (
				84220EF729058D5700C5DBD1 /* ItemModel.swift */,
			);
			path = Models;
			sourceTree = "<group>";
		};
		84220EF829058D5700C5DBD1 /* ViewModels */ = {
			isa = PBXGroup;
			children = (
				84220EF929058D5700C5DBD1 /* ListViewModel.swift */,
			);
			path = ViewModels;
			sourceTree = "<group>";
		};
		84220EFC29058D6000C5DBD1 /* View */ = {
			isa = PBXGroup;
			children = (
				84E5308C2903E6D1001F1D8C /* Onboarding */,
				84E5306429032570001F1D8C /* ContentView.swift */,
				84220F0529058E0300C5DBD1 /* List */,
			);
			path = View;
			sourceTree = "<group>";
		};
		84220F0529058E0300C5DBD1 /* List */ = {
			isa = PBXGroup;
			children = (
				84220F0029058DFD00C5DBD1 /* AddView.swift */,
				84220EFD29058DFD00C5DBD1 /* ListRowView.swift */,
				84220EFE29058DFD00C5DBD1 /* ListView.swift */,
				84220EFF29058DFD00C5DBD1 /* NoItemsView.swift */,
			);
			path = List;
			sourceTree = "<group>";
		};
		84E5305629032570001F1D8C = {
			isa = PBXGroup;
			children = (
				84E5306129032570001F1D8C /* FoodList */,
				84E5307229032572001F1D8C /* FoodListTests */,
				84E5307C29032572001F1D8C /* FoodListUITests */,
				84E5306029032570001F1D8C /* Products */,
			);
			sourceTree = "<group>";
		};
		84E5306029032570001F1D8C /* Products */ = {
			isa = PBXGroup;
			children = (
				84E5305F29032570001F1D8C /* FoodList.app */,
				84E5306F29032572001F1D8C /* FoodListTests.xctest */,
				84E5307929032572001F1D8C /* FoodListUITests.xctest */,
			);
			name = Products;
			sourceTree = "<group>";
		};
		84E5306129032570001F1D8C /* FoodList */ = {
			isa = PBXGroup;
			children = (
				84E5306629032572001F1D8C /* Assets.xcassets */,
				84E5308D2903F7BA001F1D8C /* Resource */,
				84E5306229032570001F1D8C /* FoodListApp.swift */,
				84220EF629058D5700C5DBD1 /* Models */,
				84220EF829058D5700C5DBD1 /* ViewModels */,
				84220EFC29058D6000C5DBD1 /* View */,
				84E5306829032572001F1D8C /* Preview Content */,
			);
			path = FoodList;
			sourceTree = "<group>";
		};
		84E5306829032572001F1D8C /* Preview Content */ = {
			isa = PBXGroup;
			children = (
				84E5306929032572001F1D8C /* Preview Assets.xcassets */,
			);
			path = "Preview Content";
			sourceTree = "<group>";
		};
		84E5307229032572001F1D8C /* FoodListTests */ = {
			isa = PBXGroup;
			children = (
				84E5307329032572001F1D8C /* FoodListTests.swift */,
			);
			path = FoodListTests;
			sourceTree = "<group>";
		};
		84E5307C29032572001F1D8C /* FoodListUITests */ = {
			isa = PBXGroup;
			children = (
				84E5307D29032572001F1D8C /* FoodListUITests.swift */,
				84E5307F29032572001F1D8C /* FoodListUITestsLaunchTests.swift */,
			);
			path = FoodListUITests;
			sourceTree = "<group>";
		};
		84E5308C2903E6D1001F1D8C /* Onboarding */ = {
			isa = PBXGroup;
			children = (
				84220EF42904287900C5DBD1 /* Onboarding.swift */,
			);
			path = Onboarding;
			sourceTree = "<group>";
		};
		84E5308D2903F7BA001F1D8C /* Resource */ = {
			isa = PBXGroup;
			children = (
				84E5308E2903F7D2001F1D8C /* Lottie */,
			);
			path = Resource;
			sourceTree = "<group>";
		};
		84E5308E2903F7D2001F1D8C /* Lottie */ = {
			isa = PBXGroup;
			children = (
				84E530952903F941001F1D8C /* LottieView.swift */,
				84E5308F2903F7F5001F1D8C /* Json */,
			);
			path = Lottie;
			sourceTree = "<group>";
		};
		84E5308F2903F7F5001F1D8C /* Json */ = {
			isa = PBXGroup;
			children = (
				84E530902903F84A001F1D8C /* onboardingFirst.json */,
			);
			path = Json;
			sourceTree = "<group>";
		};
/* End PBXGroup section */

/* Begin PBXNativeTarget section */
		84E5305E29032570001F1D8C /* FoodList */ = {
			isa = PBXNativeTarget;
			buildConfigurationList = 84E5308329032572001F1D8C /* Build configuration list for PBXNativeTarget "FoodList" */;
			buildPhases = (
				84E5305B29032570001F1D8C /* Sources */,
				84E5305C29032570001F1D8C /* Frameworks */,
				84E5305D29032570001F1D8C /* Resources */,
			);
			buildRules = (
			);
			dependencies = (
			);
			name = FoodList;
			packageProductDependencies = (
				84E530932903F8D6001F1D8C /* Lottie */,
			);
			productName = FoodList;
			productReference = 84E5305F29032570001F1D8C /* FoodList.app */;
			productType = "com.apple.product-type.application";
		};
		84E5306E29032572001F1D8C /* FoodListTests */ = {
			isa = PBXNativeTarget;
			buildConfigurationList = 84E5308629032572001F1D8C /* Build configuration list for PBXNativeTarget "FoodListTests" */;
			buildPhases = (
				84E5306B29032572001F1D8C /* Sources */,
				84E5306C29032572001F1D8C /* Frameworks */,
				84E5306D29032572001F1D8C /* Resources */,
			);
			buildRules = (
			);
			dependencies = (
				84E5307129032572001F1D8C /* PBXTargetDependency */,
			);
			name = FoodListTests;
			productName = FoodListTests;
			productReference = 84E5306F29032572001F1D8C /* FoodListTests.xctest */;
			productType = "com.apple.product-type.bundle.unit-test";
		};
		84E5307829032572001F1D8C /* FoodListUITests */ = {
			isa = PBXNativeTarget;
			buildConfigurationList = 84E5308929032572001F1D8C /* Build configuration list for PBXNativeTarget "FoodListUITests" */;
			buildPhases = (
				84E5307529032572001F1D8C /* Sources */,
				84E5307629032572001F1D8C /* Frameworks */,
				84E5307729032572001F1D8C /* Resources */,
			);
			buildRules = (
			);
			dependencies = (
				84E5307B29032572001F1D8C /* PBXTargetDependency */,
			);
			name = FoodListUITests;
			productName = FoodListUITests;
			productReference = 84E5307929032572001F1D8C /* FoodListUITests.xctest */;
			productType = "com.apple.product-type.bundle.ui-testing";
		};
/* End PBXNativeTarget section */

/* Begin PBXProject section */
		84E5305729032570001F1D8C /* Project object */ = {
			isa = PBXProject;
			attributes = {
				BuildIndependentTargetsInParallel = 1;
				LastSwiftUpdateCheck = 1400;
				LastUpgradeCheck = 1400;
				TargetAttributes = {
					84E5305E29032570001F1D8C = {
						CreatedOnToolsVersion = 14.0.1;
					};
					84E5306E29032572001F1D8C = {
						CreatedOnToolsVersion = 14.0.1;
						TestTargetID = 84E5305E29032570001F1D8C;
					};
					84E5307829032572001F1D8C = {
						CreatedOnToolsVersion = 14.0.1;
						TestTargetID = 84E5305E29032570001F1D8C;
					};
				};
			};
			buildConfigurationList = 84E5305A29032570001F1D8C /* Build configuration list for PBXProject "FoodList" */;
			compatibilityVersion = "Xcode 14.0";
			developmentRegion = en;
			hasScannedForEncodings = 0;
			knownRegions = (
				en,
				Base,
			);
			mainGroup = 84E5305629032570001F1D8C;
			packageReferences = (
				84E530922903F8D6001F1D8C /* XCRemoteSwiftPackageReference "lottie-ios" */,
			);
			productRefGroup = 84E5306029032570001F1D8C /* Products */;
			projectDirPath = "";
			projectRoot = "";
			targets = (
				84E5305E29032570001F1D8C /* FoodList */,
				84E5306E29032572001F1D8C /* FoodListTests */,
				84E5307829032572001F1D8C /* FoodListUITests */,
			);
		};
/* End PBXProject section */

/* Begin PBXResourcesBuildPhase section */
		84E5305D29032570001F1D8C /* Resources */ = {
			isa = PBXResourcesBuildPhase;
			buildActionMask = 2147483647;
			files = (
				84E5306A29032572001F1D8C /* Preview Assets.xcassets in Resources */,
				84E530912903F84A001F1D8C /* onboardingFirst.json in Resources */,
				84E5306729032572001F1D8C /* Assets.xcassets in Resources */,
			);
			runOnlyForDeploymentPostprocessing = 0;
		};
		84E5306D29032572001F1D8C /* Resources */ = {
			isa = PBXResourcesBuildPhase;
			buildActionMask = 2147483647;
			files = (
			);
			runOnlyForDeploymentPostprocessing = 0;
		};
		84E5307729032572001F1D8C /* Resources */ = {
			isa = PBXResourcesBuildPhase;
			buildActionMask = 2147483647;
			files = (
			);
			runOnlyForDeploymentPostprocessing = 0;
		};
/* End PBXResourcesBuildPhase section */

/* Begin PBXSourcesBuildPhase section */
		84E5305B29032570001F1D8C /* Sources */ = {
			isa = PBXSourcesBuildPhase;
			buildActionMask = 2147483647;
			files = (
				84220F0229058DFD00C5DBD1 /* ListView.swift in Sources */,
				84220EFA29058D5700C5DBD1 /* ItemModel.swift in Sources */,
				84220F0429058DFD00C5DBD1 /* AddView.swift in Sources */,
				84220F0129058DFD00C5DBD1 /* ListRowView.swift in Sources */,
				84E5306529032570001F1D8C /* ContentView.swift in Sources */,
				84220EFB29058D5700C5DBD1 /* ListViewModel.swift in Sources */,
				84E5306329032570001F1D8C /* FoodListApp.swift in Sources */,
				84220EF52904287900C5DBD1 /* Onboarding.swift in Sources */,
				84E530962903F941001F1D8C /* LottieView.swift in Sources */,
				84220F0329058DFD00C5DBD1 /* NoItemsView.swift in Sources */,
			);
			runOnlyForDeploymentPostprocessing = 0;
		};
		84E5306B29032572001F1D8C /* Sources */ = {
			isa = PBXSourcesBuildPhase;
			buildActionMask = 2147483647;
			files = (
				84E5307429032572001F1D8C /* FoodListTests.swift in Sources */,
			);
			runOnlyForDeploymentPostprocessing = 0;
		};
		84E5307529032572001F1D8C /* Sources */ = {
			isa = PBXSourcesBuildPhase;
			buildActionMask = 2147483647;
			files = (
				84E5308029032572001F1D8C /* FoodListUITestsLaunchTests.swift in Sources */,
				84E5307E29032572001F1D8C /* FoodListUITests.swift in Sources */,
			);
			runOnlyForDeploymentPostprocessing = 0;
		};
/* End PBXSourcesBuildPhase section */

/* Begin PBXTargetDependency section */
		84E5307129032572001F1D8C /* PBXTargetDependency */ = {
			isa = PBXTargetDependency;
			target = 84E5305E29032570001F1D8C /* FoodList */;
			targetProxy = 84E5307029032572001F1D8C /* PBXContainerItemProxy */;
		};
		84E5307B29032572001F1D8C /* PBXTargetDependency */ = {
			isa = PBXTargetDependency;
			target = 84E5305E29032570001F1D8C /* FoodList */;
			targetProxy = 84E5307A29032572001F1D8C /* PBXContainerItemProxy */;
		};
/* End PBXTargetDependency section */

/* Begin XCBuildConfiguration section */
		84E5308129032572001F1D8C /* Debug */ = {
			isa = XCBuildConfiguration;
			buildSettings = {
				ALWAYS_SEARCH_USER_PATHS = NO;
				CLANG_ANALYZER_NONNULL = YES;
				CLANG_ANALYZER_NUMBER_OBJECT_CONVERSION = YES_AGGRESSIVE;
				CLANG_CXX_LANGUAGE_STANDARD = "gnu++20";
				CLANG_ENABLE_MODULES = YES;
				CLANG_ENABLE_OBJC_ARC = YES;
				CLANG_ENABLE_OBJC_WEAK = YES;
				CLANG_WARN_BLOCK_CAPTURE_AUTORELEASING = YES;
				CLANG_WARN_BOOL_CONVERSION = YES;
				CLANG_WARN_COMMA = YES;
				CLANG_WARN_CONSTANT_CONVERSION = YES;
				CLANG_WARN_DEPRECATED_OBJC_IMPLEMENTATIONS = YES;
				CLANG_WARN_DIRECT_OBJC_ISA_USAGE = YES_ERROR;
				CLANG_WARN_DOCUMENTATION_COMMENTS = YES;
				CLANG_WARN_EMPTY_BODY = YES;
				CLANG_WARN_ENUM_CONVERSION = YES;
				CLANG_WARN_INFINITE_RECURSION = YES;
				CLANG_WARN_INT_CONVERSION = YES;
				CLANG_WARN_NON_LITERAL_NULL_CONVERSION = YES;
				CLANG_WARN_OBJC_IMPLICIT_RETAIN_SELF = YES;
				CLANG_WARN_OBJC_LITERAL_CONVERSION = YES;
				CLANG_WARN_OBJC_ROOT_CLASS = YES_ERROR;
				CLANG_WARN_QUOTED_INCLUDE_IN_FRAMEWORK_HEADER = YES;
				CLANG_WARN_RANGE_LOOP_ANALYSIS = YES;
				CLANG_WARN_STRICT_PROTOTYPES = YES;
				CLANG_WARN_SUSPICIOUS_MOVE = YES;
				CLANG_WARN_UNGUARDED_AVAILABILITY = YES_AGGRESSIVE;
				CLANG_WARN_UNREACHABLE_CODE = YES;
				CLANG_WARN__DUPLICATE_METHOD_MATCH = YES;
				COPY_PHASE_STRIP = NO;
				DEBUG_INFORMATION_FORMAT = dwarf;
				ENABLE_STRICT_OBJC_MSGSEND = YES;
				ENABLE_TESTABILITY = YES;
				GCC_C_LANGUAGE_STANDARD = gnu11;
				GCC_DYNAMIC_NO_PIC = NO;
				GCC_NO_COMMON_BLOCKS = YES;
				GCC_OPTIMIZATION_LEVEL = 0;
				GCC_PREPROCESSOR_DEFINITIONS = (
					"DEBUG=1",
					"$(inherited)",
				);
				GCC_WARN_64_TO_32_BIT_CONVERSION = YES;
				GCC_WARN_ABOUT_RETURN_TYPE = YES_ERROR;
				GCC_WARN_UNDECLARED_SELECTOR = YES;
				GCC_WARN_UNINITIALIZED_AUTOS = YES_AGGRESSIVE;
				GCC_WARN_UNUSED_FUNCTION = YES;
				GCC_WARN_UNUSED_VARIABLE = YES;
				IPHONEOS_DEPLOYMENT_TARGET = 16.0;
				MTL_ENABLE_DEBUG_INFO = INCLUDE_SOURCE;
				MTL_FAST_MATH = YES;
				ONLY_ACTIVE_ARCH = YES;
				SDKROOT = iphoneos;
				SWIFT_ACTIVE_COMPILATION_CONDITIONS = DEBUG;
				SWIFT_OPTIMIZATION_LEVEL = "-Onone";
			};
			name = Debug;
		};
		84E5308229032572001F1D8C /* Release */ = {
			isa = XCBuildConfiguration;
			buildSettings = {
				ALWAYS_SEARCH_USER_PATHS = NO;
				CLANG_ANALYZER_NONNULL = YES;
				CLANG_ANALYZER_NUMBER_OBJECT_CONVERSION = YES_AGGRESSIVE;
				CLANG_CXX_LANGUAGE_STANDARD = "gnu++20";
				CLANG_ENABLE_MODULES = YES;
				CLANG_ENABLE_OBJC_ARC = YES;
				CLANG_ENABLE_OBJC_WEAK = YES;
				CLANG_WARN_BLOCK_CAPTURE_AUTORELEASING = YES;
				CLANG_WARN_BOOL_CONVERSION = YES;
				CLANG_WARN_COMMA = YES;
				CLANG_WARN_CONSTANT_CONVERSION = YES;
				CLANG_WARN_DEPRECATED_OBJC_IMPLEMENTATIONS = YES;
				CLANG_WARN_DIRECT_OBJC_ISA_USAGE = YES_ERROR;
				CLANG_WARN_DOCUMENTATION_COMMENTS = YES;
				CLANG_WARN_EMPTY_BODY = YES;
				CLANG_WARN_ENUM_CONVERSION = YES;
				CLANG_WARN_INFINITE_RECURSION = YES;
				CLANG_WARN_INT_CONVERSION = YES;
				CLANG_WARN_NON_LITERAL_NULL_CONVERSION = YES;
				CLANG_WARN_OBJC_IMPLICIT_RETAIN_SELF = YES;
				CLANG_WARN_OBJC_LITERAL_CONVERSION = YES;
				CLANG_WARN_OBJC_ROOT_CLASS = YES_ERROR;
				CLANG_WARN_QUOTED_INCLUDE_IN_FRAMEWORK_HEADER = YES;
				CLANG_WARN_RANGE_LOOP_ANALYSIS = YES;
				CLANG_WARN_STRICT_PROTOTYPES = YES;
				CLANG_WARN_SUSPICIOUS_MOVE = YES;
				CLANG_WARN_UNGUARDED_AVAILABILITY = YES_AGGRESSIVE;
				CLANG_WARN_UNREACHABLE_CODE = YES;
				CLANG_WARN__DUPLICATE_METHOD_MATCH = YES;
				COPY_PHASE_STRIP = NO;
				DEBUG_INFORMATION_FORMAT = "dwarf-with-dsym";
				ENABLE_NS_ASSERTIONS = NO;
				ENABLE_STRICT_OBJC_MSGSEND = YES;
				GCC_C_LANGUAGE_STANDARD = gnu11;
				GCC_NO_COMMON_BLOCKS = YES;
				GCC_WARN_64_TO_32_BIT_CONVERSION = YES;
				GCC_WARN_ABOUT_RETURN_TYPE = YES_ERROR;
				GCC_WARN_UNDECLARED_SELECTOR = YES;
				GCC_WARN_UNINITIALIZED_AUTOS = YES_AGGRESSIVE;
				GCC_WARN_UNUSED_FUNCTION = YES;
				GCC_WARN_UNUSED_VARIABLE = YES;
				IPHONEOS_DEPLOYMENT_TARGET = 16.0;
				MTL_ENABLE_DEBUG_INFO = NO;
				MTL_FAST_MATH = YES;
				SDKROOT = iphoneos;
				SWIFT_COMPILATION_MODE = wholemodule;
				SWIFT_OPTIMIZATION_LEVEL = "-O";
				VALIDATE_PRODUCT = YES;
			};
			name = Release;
		};
		84E5308429032572001F1D8C /* Debug */ = {
			isa = XCBuildConfiguration;
			buildSettings = {
				ASSETCATALOG_COMPILER_APPICON_NAME = AppIcon;
				ASSETCATALOG_COMPILER_GLOBAL_ACCENT_COLOR_NAME = AccentColor;
				CODE_SIGN_STYLE = Automatic;
				CURRENT_PROJECT_VERSION = 1;
				DEAD_CODE_STRIPPING = NO;
				DEVELOPMENT_ASSET_PATHS = "\"FoodList/Preview Content\"";
				ENABLE_PREVIEWS = YES;
				GENERATE_INFOPLIST_FILE = YES;
				INFOPLIST_KEY_CFBundleDisplayName = FoodList;
				INFOPLIST_KEY_LSApplicationCategoryType = "public.app-category.food-and-drink";
				INFOPLIST_KEY_UIApplicationSceneManifest_Generation = YES;
				INFOPLIST_KEY_UIApplicationSupportsIndirectInputEvents = YES;
				INFOPLIST_KEY_UILaunchScreen_Generation = YES;
				INFOPLIST_KEY_UISupportedInterfaceOrientations_iPad = "UIInterfaceOrientationPortrait UIInterfaceOrientationPortraitUpsideDown UIInterfaceOrientationLandscapeLeft UIInterfaceOrientationLandscapeRight";
				INFOPLIST_KEY_UISupportedInterfaceOrientations_iPhone = "UIInterfaceOrientationPortrait UIInterfaceOrientationLandscapeLeft UIInterfaceOrientationLandscapeRight";
				IPHONEOS_DEPLOYMENT_TARGET = 14.0;
				LD_RUNPATH_SEARCH_PATHS = (
					"$(inherited)",
					"@executable_path/Frameworks",
				);
				MARKETING_VERSION = 1.0;
				PRODUCT_BUNDLE_IDENTIFIER = AndreySamchenko.FoodList;
				PRODUCT_NAME = "$(TARGET_NAME)";
				SWIFT_EMIT_LOC_STRINGS = YES;
				SWIFT_VERSION = 5.0;
				TARGETED_DEVICE_FAMILY = "1,2";
			};
			name = Debug;
		};
		84E5308529032572001F1D8C /* Release */ = {
			isa = XCBuildConfiguration;
			buildSettings = {
				ASSETCATALOG_COMPILER_APPICON_NAME = AppIcon;
				ASSETCATALOG_COMPILER_GLOBAL_ACCENT_COLOR_NAME = AccentColor;
				CODE_SIGN_STYLE = Automatic;
				CURRENT_PROJECT_VERSION = 1;
				DEAD_CODE_STRIPPING = NO;
				DEVELOPMENT_ASSET_PATHS = "\"FoodList/Preview Content\"";
				ENABLE_PREVIEWS = YES;
				GENERATE_INFOPLIST_FILE = YES;
				INFOPLIST_KEY_CFBundleDisplayName = FoodList;
				INFOPLIST_KEY_LSApplicationCategoryType = "public.app-category.food-and-drink";
				INFOPLIST_KEY_UIApplicationSceneManifest_Generation = YES;
				INFOPLIST_KEY_UIApplicationSupportsIndirectInputEvents = YES;
				INFOPLIST_KEY_UILaunchScreen_Generation = YES;
				INFOPLIST_KEY_UISupportedInterfaceOrientations_iPad = "UIInterfaceOrientationPortrait UIInterfaceOrientationPortraitUpsideDown UIInterfaceOrientationLandscapeLeft UIInterfaceOrientationLandscapeRight";
				INFOPLIST_KEY_UISupportedInterfaceOrientations_iPhone = "UIInterfaceOrientationPortrait UIInterfaceOrientationLandscapeLeft UIInterfaceOrientationLandscapeRight";
				IPHONEOS_DEPLOYMENT_TARGET = 14.0;
				LD_RUNPATH_SEARCH_PATHS = (
					"$(inherited)",
					"@executable_path/Frameworks",
				);
				MARKETING_VERSION = 1.0;
				PRODUCT_BUNDLE_IDENTIFIER = AndreySamchenko.FoodList;
				PRODUCT_NAME = "$(TARGET_NAME)";
				SWIFT_EMIT_LOC_STRINGS = YES;
				SWIFT_VERSION = 5.0;
				TARGETED_DEVICE_FAMILY = "1,2";
			};
			name = Release;
		};
		84E5308729032572001F1D8C /* Debug */ = {
			isa = XCBuildConfiguration;
			buildSettings = {
				ALWAYS_EMBED_SWIFT_STANDARD_LIBRARIES = YES;
				BUNDLE_LOADER = "$(TEST_HOST)";
				CODE_SIGN_STYLE = Automatic;
				CURRENT_PROJECT_VERSION = 1;
				GENERATE_INFOPLIST_FILE = YES;
				IPHONEOS_DEPLOYMENT_TARGET = 16.0;
				MARKETING_VERSION = 1.0;
				PRODUCT_BUNDLE_IDENTIFIER = AndreySamchenko.FoodListTests;
				PRODUCT_NAME = "$(TARGET_NAME)";
				SWIFT_EMIT_LOC_STRINGS = NO;
				SWIFT_VERSION = 5.0;
				TARGETED_DEVICE_FAMILY = "1,2";
				TEST_HOST = "$(BUILT_PRODUCTS_DIR)/FoodList.app/$(BUNDLE_EXECUTABLE_FOLDER_PATH)/FoodList";
			};
			name = Debug;
		};
		84E5308829032572001F1D8C /* Release */ = {
			isa = XCBuildConfiguration;
			buildSettings = {
				ALWAYS_EMBED_SWIFT_STANDARD_LIBRARIES = YES;
				BUNDLE_LOADER = "$(TEST_HOST)";
				CODE_SIGN_STYLE = Automatic;
				CURRENT_PROJECT_VERSION = 1;
				GENERATE_INFOPLIST_FILE = YES;
				IPHONEOS_DEPLOYMENT_TARGET = 16.0;
				MARKETING_VERSION = 1.0;
				PRODUCT_BUNDLE_IDENTIFIER = AndreySamchenko.FoodListTests;
				PRODUCT_NAME = "$(TARGET_NAME)";
				SWIFT_EMIT_LOC_STRINGS = NO;
				SWIFT_VERSION = 5.0;
				TARGETED_DEVICE_FAMILY = "1,2";
				TEST_HOST = "$(BUILT_PRODUCTS_DIR)/FoodList.app/$(BUNDLE_EXECUTABLE_FOLDER_PATH)/FoodList";
			};
			name = Release;
		};
		84E5308A29032572001F1D8C /* Debug */ = {
			isa = XCBuildConfiguration;
			buildSettings = {
				ALWAYS_EMBED_SWIFT_STANDARD_LIBRARIES = YES;
				CODE_SIGN_STYLE = Automatic;
				CURRENT_PROJECT_VERSION = 1;
				GENERATE_INFOPLIST_FILE = YES;
				MARKETING_VERSION = 1.0;
				PRODUCT_BUNDLE_IDENTIFIER = AndreySamchenko.FoodListUITests;
				PRODUCT_NAME = "$(TARGET_NAME)";
				SWIFT_EMIT_LOC_STRINGS = NO;
				SWIFT_VERSION = 5.0;
				TARGETED_DEVICE_FAMILY = "1,2";
				TEST_TARGET_NAME = FoodList;
			};
			name = Debug;
		};
		84E5308B29032572001F1D8C /* Release */ = {
			isa = XCBuildConfiguration;
			buildSettings = {
				ALWAYS_EMBED_SWIFT_STANDARD_LIBRARIES = YES;
				CODE_SIGN_STYLE = Automatic;
				CURRENT_PROJECT_VERSION = 1;
				GENERATE_INFOPLIST_FILE = YES;
				MARKETING_VERSION = 1.0;
				PRODUCT_BUNDLE_IDENTIFIER = AndreySamchenko.FoodListUITests;
				PRODUCT_NAME = "$(TARGET_NAME)";
				SWIFT_EMIT_LOC_STRINGS = NO;
				SWIFT_VERSION = 5.0;
				TARGETED_DEVICE_FAMILY = "1,2";
				TEST_TARGET_NAME = FoodList;
			};
			name = Release;
		};
/* End XCBuildConfiguration section */

/* Begin XCConfigurationList section */
		84E5305A29032570001F1D8C /* Build configuration list for PBXProject "FoodList" */ = {
			isa = XCConfigurationList;
			buildConfigurations = (
				84E5308129032572001F1D8C /* Debug */,
				84E5308229032572001F1D8C /* Release */,
			);
			defaultConfigurationIsVisible = 0;
			defaultConfigurationName = Release;
		};
		84E5308329032572001F1D8C /* Build configuration list for PBXNativeTarget "FoodList" */ = {
			isa = XCConfigurationList;
			buildConfigurations = (
				84E5308429032572001F1D8C /* Debug */,
				84E5308529032572001F1D8C /* Release */,
			);
			defaultConfigurationIsVisible = 0;
			defaultConfigurationName = Release;
		};
		84E5308629032572001F1D8C /* Build configuration list for PBXNativeTarget "FoodListTests" */ = {
			isa = XCConfigurationList;
			buildConfigurations = (
				84E5308729032572001F1D8C /* Debug */,
				84E5308829032572001F1D8C /* Release */,
			);
			defaultConfigurationIsVisible = 0;
			defaultConfigurationName = Release;
		};
		84E5308929032572001F1D8C /* Build configuration list for PBXNativeTarget "FoodListUITests" */ = {
			isa = XCConfigurationList;
			buildConfigurations = (
				84E5308A29032572001F1D8C /* Debug */,
				84E5308B29032572001F1D8C /* Release */,
			);
			defaultConfigurationIsVisible = 0;
			defaultConfigurationName = Release;
		};
/* End XCConfigurationList section */

/* Begin XCRemoteSwiftPackageReference section */
		84E530922903F8D6001F1D8C /* XCRemoteSwiftPackageReference "lottie-ios" */ = {
			isa = XCRemoteSwiftPackageReference;
			repositoryURL = "https://github.com/airbnb/lottie-ios.git";
			requirement = {
				kind = upToNextMajorVersion;
				minimumVersion = 3.1.6;
			};
		};
/* End XCRemoteSwiftPackageReference section */

/* Begin XCSwiftPackageProductDependency section */
		84E530932903F8D6001F1D8C /* Lottie */ = {
			isa = XCSwiftPackageProductDependency;
			package = 84E530922903F8D6001F1D8C /* XCRemoteSwiftPackageReference "lottie-ios" */;
			productName = Lottie;
		};
/* End XCSwiftPackageProductDependency section */
	};
	rootObject = 84E5305729032570001F1D8C /* Project object */;
}
